{
  "originHash" : "56a9cee4b3038e46a11cef8f247e9ec1f834219812470b0332fd30b6b7a780dc",
  "pins" : [
    {
      "identity" : "flyingfox",
      "kind" : "remoteSourceControl",
      "location" : "https://github.com/swhitty/FlyingFox.git",
      "state" : {
        "revision" : "f7829d4aca8cbfecb410a1cce872b1b045224aa1",
        "version" : "0.16.0"
      }
    },
    {
      "identity" : "simpledebugger",
      "kind" : "remoteSourceControl",
      "location" : "https://github.com/EmergeTools/SimpleDebugger",
      "state" : {
        "revision" : "e0ad1cd304132efa0ab3b4707bd0eea761dbe2b5"
      }
    }
  ],
  "version" : 3
}
